
Microsoft Visual Studio Solution File, Format Version 12.00
# Visual Studio 15
VisualStudioVersion = 15.0.28010.2019
MinimumVisualStudioVersion = 10.0.40219.1
Project("{FAE04EC0-301F-11D3-BF4B-00C04F79EFBC}") = "theGra", "theGra\theGra.csproj", "{A6285223-87F1-4DE3-BA1F-2DB4F35CE8C6}"
EndProject
Global
	GlobalSection(SolutionConfigurationPlatforms) = preSolution
		Debug|Any CPU = Debug|Any CPU
		Release|Any CPU = Release|Any CPU
	EndGlobalSection
	GlobalSection(ProjectConfigurationPlatforms) = postSolution
		{A6285223-87F1-4DE3-BA1F-2DB4F35CE8C6}.Debug|Any CPU.ActiveCfg = Debug|Any CPU
		{A6285223-87F1-4DE3-BA1F-2DB4F35CE8C6}.Debug|Any CPU.Build.0 = Debug|Any CPU
		{A6285223-87F1-4DE3-BA1F-2DB4F35CE8C6}.Release|Any CPU.ActiveCfg = Release|Any CPU
		{A6285223-87F1-4DE3-BA1F-2DB4F35CE8C6}.Release|Any CPU.Build.0 = Release|Any CPU
	EndGlobalSection
	GlobalSection(SolutionProperties) = preSolution
		HideSolutionNode = FALSE
	EndGlobalSection
	GlobalSection(ExtensibilityGlobals) = postSolution
		SolutionGuid = {824AF022-1152-4EB1-9E58-7C4C2870A602}
	EndGlobalSection
EndGlobal
